// !$*UTF8*$!
{
	archiveVersion = 1;
	classes = {
	};
	objectVersion = 50;
	objects = {

/* Begin PBXBuildFile section */
		48161DB0255D303B00213628 /* LoginInteractor.swift in Sources */ = {isa = PBXBuildFile; fileRef = 48161DAF255D303B00213628 /* LoginInteractor.swift */; };
		48161DB3255D35D600213628 /* SplashViewController.swift in Sources */ = {isa = PBXBuildFile; fileRef = 48161DB2255D35D600213628 /* SplashViewController.swift */; };
		48161DB6255D35DF00213628 /* SplashView.swift in Sources */ = {isa = PBXBuildFile; fileRef = 48161DB5255D35DF00213628 /* SplashView.swift */; };
		48161DB9255D35EC00213628 /* SplashAssembly.swift in Sources */ = {isa = PBXBuildFile; fileRef = 48161DB8255D35EC00213628 /* SplashAssembly.swift */; };
		48161DBC255D35F700213628 /* SplashPresenter.swift in Sources */ = {isa = PBXBuildFile; fileRef = 48161DBB255D35F700213628 /* SplashPresenter.swift */; };
		48161DBF255D360D00213628 /* SplashView.xib in Resources */ = {isa = PBXBuildFile; fileRef = 48161DBE255D360C00213628 /* SplashView.xib */; };
		48182B6D25860BD200011CAC /* TabBarRouter.swift in Sources */ = {isa = PBXBuildFile; fileRef = 48182B6C25860BD200011CAC /* TabBarRouter.swift */; };
		48182B7025860C0100011CAC /* TabBarInteractor.swift in Sources */ = {isa = PBXBuildFile; fileRef = 48182B6F25860C0100011CAC /* TabBarInteractor.swift */; };
		4825360225487FD5001C7316 /* LoginView.swift in Sources */ = {isa = PBXBuildFile; fileRef = 4825360125487FD5001C7316 /* LoginView.swift */; };
		4825361F25488222001C7316 /* LoginViewController.swift in Sources */ = {isa = PBXBuildFile; fileRef = 4825361E25488222001C7316 /* LoginViewController.swift */; };
		48413408254ACC3700F7133E /* UIView+xib.swift in Sources */ = {isa = PBXBuildFile; fileRef = 48413407254ACC3700F7133E /* UIView+xib.swift */; };
		4841340C254ACD8F00F7133E /* LoginView.xib in Resources */ = {isa = PBXBuildFile; fileRef = 4841340B254ACD8F00F7133E /* LoginView.xib */; };
		48413413254ACF7700F7133E /* LoginAssembly.swift in Sources */ = {isa = PBXBuildFile; fileRef = 48413412254ACF7700F7133E /* LoginAssembly.swift */; };
		4885CAE0257D09A4005C6737 /* TabViewController.swift in Sources */ = {isa = PBXBuildFile; fileRef = 4885CADF257D09A4005C6737 /* TabViewController.swift */; };
		4885CAE4257D09B9005C6737 /* TabbarPresenter.swift in Sources */ = {isa = PBXBuildFile; fileRef = 4885CAE3257D09B9005C6737 /* TabbarPresenter.swift */; };
		4885CAE7257D09CC005C6737 /* TabBarAssembly.swift in Sources */ = {isa = PBXBuildFile; fileRef = 4885CAE6257D09CC005C6737 /* TabBarAssembly.swift */; };
		4885CAED257D4D04005C6737 /* TabBarView.xib in Resources */ = {isa = PBXBuildFile; fileRef = 4885CAEC257D4D03005C6737 /* TabBarView.xib */; };
		489130CE255EE913005174BF /* LoginRouter.swift in Sources */ = {isa = PBXBuildFile; fileRef = 489130CD255EE913005174BF /* LoginRouter.swift */; };
		489130D1255EE942005174BF /* RegisterRouter.swift in Sources */ = {isa = PBXBuildFile; fileRef = 489130D0255EE942005174BF /* RegisterRouter.swift */; };
		489130D4255EE96E005174BF /* SplashRouter.swift in Sources */ = {isa = PBXBuildFile; fileRef = 489130D3255EE96E005174BF /* SplashRouter.swift */; };
		489F975D25587C4500FD51DF /* RecipesPresenter.swift in Sources */ = {isa = PBXBuildFile; fileRef = 489F975C25587C4500FD51DF /* RecipesPresenter.swift */; };
		489F976125587C4E00FD51DF /* RecipesView.swift in Sources */ = {isa = PBXBuildFile; fileRef = 489F976025587C4E00FD51DF /* RecipesView.swift */; };
		489F976425587C6C00FD51DF /* RecipesViewController.swift in Sources */ = {isa = PBXBuildFile; fileRef = 489F976325587C6C00FD51DF /* RecipesViewController.swift */; };
		489F976725587C7B00FD51DF /* RecipesAssembly.swift in Sources */ = {isa = PBXBuildFile; fileRef = 489F976625587C7B00FD51DF /* RecipesAssembly.swift */; };
		489F976E25587CA400FD51DF /* Module.swift in Sources */ = {isa = PBXBuildFile; fileRef = 489F976D25587CA400FD51DF /* Module.swift */; };
		48AC755E256D284F00EBBD09 /* SplashInteractor.swift in Sources */ = {isa = PBXBuildFile; fileRef = 48AC755D256D284F00EBBD09 /* SplashInteractor.swift */; };
		48AC7562256D3D2900EBBD09 /* BaseRouter.swift in Sources */ = {isa = PBXBuildFile; fileRef = 48AC7561256D3D2900EBBD09 /* BaseRouter.swift */; };
		48AC7565256D6C9600EBBD09 /* ScreenKey.swift in Sources */ = {isa = PBXBuildFile; fileRef = 48AC7564256D6C9600EBBD09 /* ScreenKey.swift */; };
		48B13CE02545BE4700511922 /* AppDelegate.swift in Sources */ = {isa = PBXBuildFile; fileRef = 48B13CDF2545BE4700511922 /* AppDelegate.swift */; };
		48B13CE22545BE4700511922 /* SceneDelegate.swift in Sources */ = {isa = PBXBuildFile; fileRef = 48B13CE12545BE4700511922 /* SceneDelegate.swift */; };
		48B13CE72545BE4700511922 /* Main.storyboard in Resources */ = {isa = PBXBuildFile; fileRef = 48B13CE52545BE4700511922 /* Main.storyboard */; };
		48B13CE92545BE4B00511922 /* Assets.xcassets in Resources */ = {isa = PBXBuildFile; fileRef = 48B13CE82545BE4B00511922 /* Assets.xcassets */; };
		48B13CEC2545BE4B00511922 /* LaunchScreen.storyboard in Resources */ = {isa = PBXBuildFile; fileRef = 48B13CEA2545BE4B00511922 /* LaunchScreen.storyboard */; };
		48B13CF82545BE7A00511922 /* LoginPresenter.swift in Sources */ = {isa = PBXBuildFile; fileRef = 48B13CF72545BE7A00511922 /* LoginPresenter.swift */; };
		48C0FEE0255C4F9D00832202 /* AuthenticationData.swift in Sources */ = {isa = PBXBuildFile; fileRef = 48C0FEDF255C4F9D00832202 /* AuthenticationData.swift */; };
		48D3BA332577E8ED00B71B35 /* ForgotData.swift in Sources */ = {isa = PBXBuildFile; fileRef = 48D3BA322577E8ED00B71B35 /* ForgotData.swift */; };
		48DB32EA2577972E0075E4F0 /* ForgotRouter.swift in Sources */ = {isa = PBXBuildFile; fileRef = 48DB32E92577972E0075E4F0 /* ForgotRouter.swift */; };
		48DB32EF2577973A0075E4F0 /* ForgotView.swift in Sources */ = {isa = PBXBuildFile; fileRef = 48DB32EE2577973A0075E4F0 /* ForgotView.swift */; };
		48DB32F22577974B0075E4F0 /* ForgotViewController.swift in Sources */ = {isa = PBXBuildFile; fileRef = 48DB32F12577974B0075E4F0 /* ForgotViewController.swift */; };
		48DB32F52577975C0075E4F0 /* ForgotInteractor.swift in Sources */ = {isa = PBXBuildFile; fileRef = 48DB32F42577975C0075E4F0 /* ForgotInteractor.swift */; };
		48DB32F82577976C0075E4F0 /* ForgotPresenter.swift in Sources */ = {isa = PBXBuildFile; fileRef = 48DB32F72577976C0075E4F0 /* ForgotPresenter.swift */; };
		48DB32FB257797770075E4F0 /* ForgotAssembly.swift in Sources */ = {isa = PBXBuildFile; fileRef = 48DB32FA257797770075E4F0 /* ForgotAssembly.swift */; };
		48DB330C25779E1D0075E4F0 /* ForgotView.xib in Resources */ = {isa = PBXBuildFile; fileRef = 48DB330B25779E1D0075E4F0 /* ForgotView.xib */; };
		48DB331C2577BB140075E4F0 /* RegisterData.swift in Sources */ = {isa = PBXBuildFile; fileRef = 48DB331B2577BB140075E4F0 /* RegisterData.swift */; };
		48E06FDD255AC8A9006C49B2 /* Network.swift in Sources */ = {isa = PBXBuildFile; fileRef = 48E06FDC255AC8A9006C49B2 /* Network.swift */; };
		48E06FE4255AC97C006C49B2 /* URLSharedSessionDelegate.swift in Sources */ = {isa = PBXBuildFile; fileRef = 48E06FE3255AC97C006C49B2 /* URLSharedSessionDelegate.swift */; };
		48EB1CBD255977DF00962D53 /* RecipesView.xib in Resources */ = {isa = PBXBuildFile; fileRef = 48EB1CBC255977DF00962D53 /* RecipesView.xib */; };
		48EC3C22255D382000A93771 /* RecipesInteractor.swift in Sources */ = {isa = PBXBuildFile; fileRef = 48EC3C21255D382000A93771 /* RecipesInteractor.swift */; };
		48EC3C2D255D70AD00A93771 /* RegisterPresenter.swift in Sources */ = {isa = PBXBuildFile; fileRef = 48EC3C2C255D70AD00A93771 /* RegisterPresenter.swift */; };
		48EC3C31255D70B600A93771 /* RegisterView.swift in Sources */ = {isa = PBXBuildFile; fileRef = 48EC3C30255D70B600A93771 /* RegisterView.swift */; };
		48EC3C34255D70C500A93771 /* RegisterViewController.swift in Sources */ = {isa = PBXBuildFile; fileRef = 48EC3C33255D70C500A93771 /* RegisterViewController.swift */; };
		48EC3C37255D70D100A93771 /* RegisterAssembly.swift in Sources */ = {isa = PBXBuildFile; fileRef = 48EC3C36255D70D100A93771 /* RegisterAssembly.swift */; };
		48EC3C3A255D70DC00A93771 /* RegisterInteractor.swift in Sources */ = {isa = PBXBuildFile; fileRef = 48EC3C39255D70DC00A93771 /* RegisterInteractor.swift */; };
		48EC3C3D255D70F100A93771 /* RegisterView.xib in Resources */ = {isa = PBXBuildFile; fileRef = 48EC3C3C255D70F100A93771 /* RegisterView.xib */; };
		48F2CA0F25753F0A00E29547 /* Presenter.swift in Sources */ = {isa = PBXBuildFile; fileRef = 48F2CA0E25753F0A00E29547 /* Presenter.swift */; };
		48F2CA2D25754D8100E29547 /* AppRouter.swift in Sources */ = {isa = PBXBuildFile; fileRef = 48F2CA2C25754D8100E29547 /* AppRouter.swift */; };
/* End PBXBuildFile section */

/* Begin PBXFileReference section */
		48161DAF255D303B00213628 /* LoginInteractor.swift */ = {isa = PBXFileReference; lastKnownFileType = sourcecode.swift; path = LoginInteractor.swift; sourceTree = "<group>"; };
		48161DB2255D35D600213628 /* SplashViewController.swift */ = {isa = PBXFileReference; lastKnownFileType = sourcecode.swift; path = SplashViewController.swift; sourceTree = "<group>"; };
		48161DB5255D35DF00213628 /* SplashView.swift */ = {isa = PBXFileReference; lastKnownFileType = sourcecode.swift; path = SplashView.swift; sourceTree = "<group>"; };
		48161DB8255D35EC00213628 /* SplashAssembly.swift */ = {isa = PBXFileReference; lastKnownFileType = sourcecode.swift; path = SplashAssembly.swift; sourceTree = "<group>"; };
		48161DBB255D35F700213628 /* SplashPresenter.swift */ = {isa = PBXFileReference; lastKnownFileType = sourcecode.swift; path = SplashPresenter.swift; sourceTree = "<group>"; };
		48161DBE255D360C00213628 /* SplashView.xib */ = {isa = PBXFileReference; lastKnownFileType = file.xib; path = SplashView.xib; sourceTree = "<group>"; };
		48182B6C25860BD200011CAC /* TabBarRouter.swift */ = {isa = PBXFileReference; lastKnownFileType = sourcecode.swift; path = TabBarRouter.swift; sourceTree = "<group>"; };
		48182B6F25860C0100011CAC /* TabBarInteractor.swift */ = {isa = PBXFileReference; lastKnownFileType = sourcecode.swift; path = TabBarInteractor.swift; sourceTree = "<group>"; };
		4825360125487FD5001C7316 /* LoginView.swift */ = {isa = PBXFileReference; lastKnownFileType = sourcecode.swift; path = LoginView.swift; sourceTree = "<group>"; };
		4825361E25488222001C7316 /* LoginViewController.swift */ = {isa = PBXFileReference; lastKnownFileType = sourcecode.swift; path = LoginViewController.swift; sourceTree = "<group>"; };
		48413407254ACC3700F7133E /* UIView+xib.swift */ = {isa = PBXFileReference; lastKnownFileType = sourcecode.swift; path = "UIView+xib.swift"; sourceTree = "<group>"; };
		4841340B254ACD8F00F7133E /* LoginView.xib */ = {isa = PBXFileReference; lastKnownFileType = file.xib; path = LoginView.xib; sourceTree = "<group>"; };
		48413412254ACF7700F7133E /* LoginAssembly.swift */ = {isa = PBXFileReference; lastKnownFileType = sourcecode.swift; path = LoginAssembly.swift; sourceTree = "<group>"; };
		4885CADF257D09A4005C6737 /* TabViewController.swift */ = {isa = PBXFileReference; lastKnownFileType = sourcecode.swift; path = TabViewController.swift; sourceTree = "<group>"; };
		4885CAE3257D09B9005C6737 /* TabbarPresenter.swift */ = {isa = PBXFileReference; lastKnownFileType = sourcecode.swift; path = TabbarPresenter.swift; sourceTree = "<group>"; };
		4885CAE6257D09CC005C6737 /* TabBarAssembly.swift */ = {isa = PBXFileReference; lastKnownFileType = sourcecode.swift; path = TabBarAssembly.swift; sourceTree = "<group>"; };
		4885CAEC257D4D03005C6737 /* TabBarView.xib */ = {isa = PBXFileReference; lastKnownFileType = file.xib; path = TabBarView.xib; sourceTree = "<group>"; };
		489130CD255EE913005174BF /* LoginRouter.swift */ = {isa = PBXFileReference; lastKnownFileType = sourcecode.swift; path = LoginRouter.swift; sourceTree = "<group>"; };
		489130D0255EE942005174BF /* RegisterRouter.swift */ = {isa = PBXFileReference; lastKnownFileType = sourcecode.swift; path = RegisterRouter.swift; sourceTree = "<group>"; };
		489130D3255EE96E005174BF /* SplashRouter.swift */ = {isa = PBXFileReference; lastKnownFileType = sourcecode.swift; path = SplashRouter.swift; sourceTree = "<group>"; };
		489F975C25587C4500FD51DF /* RecipesPresenter.swift */ = {isa = PBXFileReference; lastKnownFileType = sourcecode.swift; path = RecipesPresenter.swift; sourceTree = "<group>"; };
		489F976025587C4E00FD51DF /* RecipesView.swift */ = {isa = PBXFileReference; lastKnownFileType = sourcecode.swift; path = RecipesView.swift; sourceTree = "<group>"; };
		489F976325587C6C00FD51DF /* RecipesViewController.swift */ = {isa = PBXFileReference; lastKnownFileType = sourcecode.swift; path = RecipesViewController.swift; sourceTree = "<group>"; };
		489F976625587C7B00FD51DF /* RecipesAssembly.swift */ = {isa = PBXFileReference; lastKnownFileType = sourcecode.swift; path = RecipesAssembly.swift; sourceTree = "<group>"; };
		489F976D25587CA400FD51DF /* Module.swift */ = {isa = PBXFileReference; lastKnownFileType = sourcecode.swift; path = Module.swift; sourceTree = "<group>"; };
		48AC755D256D284F00EBBD09 /* SplashInteractor.swift */ = {isa = PBXFileReference; lastKnownFileType = sourcecode.swift; path = SplashInteractor.swift; sourceTree = "<group>"; };
		48AC7561256D3D2900EBBD09 /* BaseRouter.swift */ = {isa = PBXFileReference; lastKnownFileType = sourcecode.swift; path = BaseRouter.swift; sourceTree = "<group>"; };
		48AC7564256D6C9600EBBD09 /* ScreenKey.swift */ = {isa = PBXFileReference; lastKnownFileType = sourcecode.swift; path = ScreenKey.swift; sourceTree = "<group>"; };
		48B13CDC2545BE4700511922 /* decooking.app */ = {isa = PBXFileReference; explicitFileType = wrapper.application; includeInIndex = 0; path = decooking.app; sourceTree = BUILT_PRODUCTS_DIR; };
		48B13CDF2545BE4700511922 /* AppDelegate.swift */ = {isa = PBXFileReference; lastKnownFileType = sourcecode.swift; path = AppDelegate.swift; sourceTree = "<group>"; };
		48B13CE12545BE4700511922 /* SceneDelegate.swift */ = {isa = PBXFileReference; lastKnownFileType = sourcecode.swift; path = SceneDelegate.swift; sourceTree = "<group>"; };
		48B13CE62545BE4700511922 /* Base */ = {isa = PBXFileReference; lastKnownFileType = file.storyboard; name = Base; path = Base.lproj/Main.storyboard; sourceTree = "<group>"; };
		48B13CE82545BE4B00511922 /* Assets.xcassets */ = {isa = PBXFileReference; lastKnownFileType = folder.assetcatalog; path = Assets.xcassets; sourceTree = "<group>"; };
		48B13CEB2545BE4B00511922 /* Base */ = {isa = PBXFileReference; lastKnownFileType = file.storyboard; name = Base; path = Base.lproj/LaunchScreen.storyboard; sourceTree = "<group>"; };
		48B13CED2545BE4B00511922 /* Info.plist */ = {isa = PBXFileReference; lastKnownFileType = text.plist.xml; path = Info.plist; sourceTree = "<group>"; };
		48B13CF72545BE7A00511922 /* LoginPresenter.swift */ = {isa = PBXFileReference; lastKnownFileType = sourcecode.swift; path = LoginPresenter.swift; sourceTree = "<group>"; };
		48C0FEDF255C4F9D00832202 /* AuthenticationData.swift */ = {isa = PBXFileReference; lastKnownFileType = sourcecode.swift; path = AuthenticationData.swift; sourceTree = "<group>"; };
		48D3BA322577E8ED00B71B35 /* ForgotData.swift */ = {isa = PBXFileReference; lastKnownFileType = sourcecode.swift; path = ForgotData.swift; sourceTree = "<group>"; };
		48DB32E92577972E0075E4F0 /* ForgotRouter.swift */ = {isa = PBXFileReference; lastKnownFileType = sourcecode.swift; path = ForgotRouter.swift; sourceTree = "<group>"; };
		48DB32EE2577973A0075E4F0 /* ForgotView.swift */ = {isa = PBXFileReference; lastKnownFileType = sourcecode.swift; path = ForgotView.swift; sourceTree = "<group>"; };
		48DB32F12577974B0075E4F0 /* ForgotViewController.swift */ = {isa = PBXFileReference; lastKnownFileType = sourcecode.swift; path = ForgotViewController.swift; sourceTree = "<group>"; };
		48DB32F42577975C0075E4F0 /* ForgotInteractor.swift */ = {isa = PBXFileReference; lastKnownFileType = sourcecode.swift; path = ForgotInteractor.swift; sourceTree = "<group>"; };
		48DB32F72577976C0075E4F0 /* ForgotPresenter.swift */ = {isa = PBXFileReference; lastKnownFileType = sourcecode.swift; path = ForgotPresenter.swift; sourceTree = "<group>"; };
		48DB32FA257797770075E4F0 /* ForgotAssembly.swift */ = {isa = PBXFileReference; lastKnownFileType = sourcecode.swift; path = ForgotAssembly.swift; sourceTree = "<group>"; };
		48DB330B25779E1D0075E4F0 /* ForgotView.xib */ = {isa = PBXFileReference; lastKnownFileType = file.xib; path = ForgotView.xib; sourceTree = "<group>"; };
		48DB331B2577BB140075E4F0 /* RegisterData.swift */ = {isa = PBXFileReference; lastKnownFileType = sourcecode.swift; path = RegisterData.swift; sourceTree = "<group>"; };
		48E06FDC255AC8A9006C49B2 /* Network.swift */ = {isa = PBXFileReference; lastKnownFileType = sourcecode.swift; path = Network.swift; sourceTree = "<group>"; };
		48E06FE3255AC97C006C49B2 /* URLSharedSessionDelegate.swift */ = {isa = PBXFileReference; lastKnownFileType = sourcecode.swift; path = URLSharedSessionDelegate.swift; sourceTree = "<group>"; };
		48EB1CBC255977DF00962D53 /* RecipesView.xib */ = {isa = PBXFileReference; lastKnownFileType = file.xib; path = RecipesView.xib; sourceTree = "<group>"; };
		48EC3C21255D382000A93771 /* RecipesInteractor.swift */ = {isa = PBXFileReference; lastKnownFileType = sourcecode.swift; path = RecipesInteractor.swift; sourceTree = "<group>"; };
		48EC3C2C255D70AD00A93771 /* RegisterPresenter.swift */ = {isa = PBXFileReference; lastKnownFileType = sourcecode.swift; path = RegisterPresenter.swift; sourceTree = "<group>"; };
		48EC3C30255D70B600A93771 /* RegisterView.swift */ = {isa = PBXFileReference; lastKnownFileType = sourcecode.swift; path = RegisterView.swift; sourceTree = "<group>"; };
		48EC3C33255D70C500A93771 /* RegisterViewController.swift */ = {isa = PBXFileReference; lastKnownFileType = sourcecode.swift; path = RegisterViewController.swift; sourceTree = "<group>"; };
		48EC3C36255D70D100A93771 /* RegisterAssembly.swift */ = {isa = PBXFileReference; lastKnownFileType = sourcecode.swift; path = RegisterAssembly.swift; sourceTree = "<group>"; };
		48EC3C39255D70DC00A93771 /* RegisterInteractor.swift */ = {isa = PBXFileReference; lastKnownFileType = sourcecode.swift; path = RegisterInteractor.swift; sourceTree = "<group>"; };
		48EC3C3C255D70F100A93771 /* RegisterView.xib */ = {isa = PBXFileReference; lastKnownFileType = file.xib; path = RegisterView.xib; sourceTree = "<group>"; };
		48F2CA0E25753F0A00E29547 /* Presenter.swift */ = {isa = PBXFileReference; lastKnownFileType = sourcecode.swift; path = Presenter.swift; sourceTree = "<group>"; };
		48F2CA2C25754D8100E29547 /* AppRouter.swift */ = {isa = PBXFileReference; lastKnownFileType = sourcecode.swift; path = AppRouter.swift; sourceTree = "<group>"; };
/* End PBXFileReference section */

/* Begin PBXFrameworksBuildPhase section */
		48B13CD92545BE4700511922 /* Frameworks */ = {
			isa = PBXFrameworksBuildPhase;
			buildActionMask = 2147483647;
			files = (
			);
			runOnlyForDeploymentPostprocessing = 0;
		};
/* End PBXFrameworksBuildPhase section */

/* Begin PBXGroup section */
		48182B6A25860A4B00011CAC /* TabbarModules */ = {
			isa = PBXGroup;
			children = (
				489F975B25587C1700FD51DF /* Recipes */,
			);
			path = TabbarModules;
			sourceTree = "<group>";
		};
		482535FD25487F7D001C7316 /* Modules */ = {
			isa = PBXGroup;
			children = (
				48182B6A25860A4B00011CAC /* TabbarModules */,
				4885CADE257D0978005C6737 /* Tabbar */,
				48DB32E82577971A0075E4F0 /* Forgot */,
				48EC3C2B255D709E00A93771 /* Register */,
				483A2D8F255BE5AB00F5E537 /* Splash */,
				482535FF25487FB6001C7316 /* Login */,
				489F976D25587CA400FD51DF /* Module.swift */,
				48F2CA0E25753F0A00E29547 /* Presenter.swift */,
			);
			path = Modules;
			sourceTree = "<group>";
		};
		482535FF25487FB6001C7316 /* Login */ = {
			isa = PBXGroup;
			children = (
				489130CD255EE913005174BF /* LoginRouter.swift */,
				48B13CF72545BE7A00511922 /* LoginPresenter.swift */,
				4825360125487FD5001C7316 /* LoginView.swift */,
				4825361E25488222001C7316 /* LoginViewController.swift */,
				4841340B254ACD8F00F7133E /* LoginView.xib */,
				48413412254ACF7700F7133E /* LoginAssembly.swift */,
				48161DAF255D303B00213628 /* LoginInteractor.swift */,
			);
			path = Login;
			sourceTree = "<group>";
		};
		483A2D8F255BE5AB00F5E537 /* Splash */ = {
			isa = PBXGroup;
			children = (
				48161DB2255D35D600213628 /* SplashViewController.swift */,
				489130D3255EE96E005174BF /* SplashRouter.swift */,
				48161DB5255D35DF00213628 /* SplashView.swift */,
				48161DB8255D35EC00213628 /* SplashAssembly.swift */,
				48161DBB255D35F700213628 /* SplashPresenter.swift */,
				48161DBE255D360C00213628 /* SplashView.xib */,
				48AC755D256D284F00EBBD09 /* SplashInteractor.swift */,
			);
			path = Splash;
			sourceTree = "<group>";
		};
		4885CADE257D0978005C6737 /* Tabbar */ = {
			isa = PBXGroup;
			children = (
				4885CADF257D09A4005C6737 /* TabViewController.swift */,
				4885CAE3257D09B9005C6737 /* TabbarPresenter.swift */,
				4885CAE6257D09CC005C6737 /* TabBarAssembly.swift */,
				4885CAEC257D4D03005C6737 /* TabBarView.xib */,
				48182B6C25860BD200011CAC /* TabBarRouter.swift */,
				48182B6F25860C0100011CAC /* TabBarInteractor.swift */,
			);
			path = Tabbar;
			sourceTree = "<group>";
		};
		489F975B25587C1700FD51DF /* Recipes */ = {
			isa = PBXGroup;
			children = (
				489F975C25587C4500FD51DF /* RecipesPresenter.swift */,
				489F976025587C4E00FD51DF /* RecipesView.swift */,
				489F976325587C6C00FD51DF /* RecipesViewController.swift */,
				489F976625587C7B00FD51DF /* RecipesAssembly.swift */,
				48EB1CBC255977DF00962D53 /* RecipesView.xib */,
				48EC3C21255D382000A93771 /* RecipesInteractor.swift */,
			);
			path = Recipes;
			sourceTree = "<group>";
		};
		48B13CD32545BE4700511922 = {
			isa = PBXGroup;
			children = (
				48B13CDE2545BE4700511922 /* decooking */,
				48B13CDD2545BE4700511922 /* Products */,
			);
			sourceTree = "<group>";
		};
		48B13CDD2545BE4700511922 /* Products */ = {
			isa = PBXGroup;
			children = (
				48B13CDC2545BE4700511922 /* decooking.app */,
			);
			name = Products;
			sourceTree = "<group>";
		};
		48B13CDE2545BE4700511922 /* decooking */ = {
			isa = PBXGroup;
			children = (
				48E06FDB255AC898006C49B2 /* Web */,
				48E06FDA255AC892006C49B2 /* Routers */,
				482535FD25487F7D001C7316 /* Modules */,
				48B13CDF2545BE4700511922 /* AppDelegate.swift */,
				48B13CE12545BE4700511922 /* SceneDelegate.swift */,
				48B13CE52545BE4700511922 /* Main.storyboard */,
				48B13CE82545BE4B00511922 /* Assets.xcassets */,
				48B13CEA2545BE4B00511922 /* LaunchScreen.storyboard */,
				48B13CED2545BE4B00511922 /* Info.plist */,
				48413407254ACC3700F7133E /* UIView+xib.swift */,
			);
			path = decooking;
			sourceTree = "<group>";
		};
		48C0FEDE255C4F7C00832202 /* UserStructs */ = {
			isa = PBXGroup;
			children = (
				48C0FEDF255C4F9D00832202 /* AuthenticationData.swift */,
				48DB331B2577BB140075E4F0 /* RegisterData.swift */,
				48D3BA322577E8ED00B71B35 /* ForgotData.swift */,
			);
			path = UserStructs;
			sourceTree = "<group>";
		};
		48DB32E82577971A0075E4F0 /* Forgot */ = {
			isa = PBXGroup;
			children = (
				48DB32E92577972E0075E4F0 /* ForgotRouter.swift */,
				48DB32EE2577973A0075E4F0 /* ForgotView.swift */,
				48DB32F12577974B0075E4F0 /* ForgotViewController.swift */,
				48DB32F42577975C0075E4F0 /* ForgotInteractor.swift */,
				48DB32F72577976C0075E4F0 /* ForgotPresenter.swift */,
				48DB32FA257797770075E4F0 /* ForgotAssembly.swift */,
				48DB330B25779E1D0075E4F0 /* ForgotView.xib */,
			);
			path = Forgot;
			sourceTree = "<group>";
		};
		48E06FDA255AC892006C49B2 /* Routers */ = {
			isa = PBXGroup;
			children = (
				48AC7561256D3D2900EBBD09 /* BaseRouter.swift */,
				48AC7564256D6C9600EBBD09 /* ScreenKey.swift */,
				48F2CA2C25754D8100E29547 /* AppRouter.swift */,
			);
			path = Routers;
			sourceTree = "<group>";
		};
		48E06FDB255AC898006C49B2 /* Web */ = {
			isa = PBXGroup;
			children = (
				48C0FEDE255C4F7C00832202 /* UserStructs */,
				48E06FDC255AC8A9006C49B2 /* Network.swift */,
				48E06FE3255AC97C006C49B2 /* URLSharedSessionDelegate.swift */,
			);
			path = Web;
			sourceTree = "<group>";
		};
		48EC3C2B255D709E00A93771 /* Register */ = {
			isa = PBXGroup;
			children = (
				48EC3C2C255D70AD00A93771 /* RegisterPresenter.swift */,
				489130D0255EE942005174BF /* RegisterRouter.swift */,
				48EC3C30255D70B600A93771 /* RegisterView.swift */,
				48EC3C33255D70C500A93771 /* RegisterViewController.swift */,
				48EC3C36255D70D100A93771 /* RegisterAssembly.swift */,
				48EC3C39255D70DC00A93771 /* RegisterInteractor.swift */,
				48EC3C3C255D70F100A93771 /* RegisterView.xib */,
			);
			path = Register;
			sourceTree = "<group>";
		};
/* End PBXGroup section */

/* Begin PBXNativeTarget section */
		48B13CDB2545BE4700511922 /* decooking */ = {
			isa = PBXNativeTarget;
			buildConfigurationList = 48B13CF02545BE4B00511922 /* Build configuration list for PBXNativeTarget "decooking" */;
			buildPhases = (
				48B13CD82545BE4700511922 /* Sources */,
				48B13CD92545BE4700511922 /* Frameworks */,
				48B13CDA2545BE4700511922 /* Resources */,
			);
			buildRules = (
			);
			dependencies = (
			);
			name = decooking;
			productName = decooking;
			productReference = 48B13CDC2545BE4700511922 /* decooking.app */;
			productType = "com.apple.product-type.application";
		};
/* End PBXNativeTarget section */

/* Begin PBXProject section */
		48B13CD42545BE4700511922 /* Project object */ = {
			isa = PBXProject;
			attributes = {
				KnownAssetTags = (
					1,
				);
				LastSwiftUpdateCheck = 1200;
				LastUpgradeCheck = 1200;
				TargetAttributes = {
					48B13CDB2545BE4700511922 = {
						CreatedOnToolsVersion = 12.0.1;
					};
				};
			};
			buildConfigurationList = 48B13CD72545BE4700511922 /* Build configuration list for PBXProject "decooking" */;
			compatibilityVersion = "Xcode 9.3";
			developmentRegion = en;
			hasScannedForEncodings = 0;
			knownRegions = (
				en,
				Base,
			);
			mainGroup = 48B13CD32545BE4700511922;
			productRefGroup = 48B13CDD2545BE4700511922 /* Products */;
			projectDirPath = "";
			projectRoot = "";
			targets = (
				48B13CDB2545BE4700511922 /* decooking */,
			);
		};
/* End PBXProject section */

/* Begin PBXResourcesBuildPhase section */
		48B13CDA2545BE4700511922 /* Resources */ = {
			isa = PBXResourcesBuildPhase;
			buildActionMask = 2147483647;
			files = (
				48B13CEC2545BE4B00511922 /* LaunchScreen.storyboard in Resources */,
				48161DBF255D360D00213628 /* SplashView.xib in Resources */,
				48B13CE92545BE4B00511922 /* Assets.xcassets in Resources */,
				48DB330C25779E1D0075E4F0 /* ForgotView.xib in Resources */,
				48EB1CBD255977DF00962D53 /* RecipesView.xib in Resources */,
				48EC3C3D255D70F100A93771 /* RegisterView.xib in Resources */,
				4885CAED257D4D04005C6737 /* TabBarView.xib in Resources */,
				48B13CE72545BE4700511922 /* Main.storyboard in Resources */,
				4841340C254ACD8F00F7133E /* LoginView.xib in Resources */,
			);
			runOnlyForDeploymentPostprocessing = 0;
		};
/* End PBXResourcesBuildPhase section */

/* Begin PBXSourcesBuildPhase section */
		48B13CD82545BE4700511922 /* Sources */ = {
			isa = PBXSourcesBuildPhase;
			buildActionMask = 2147483647;
			files = (
				48EC3C3A255D70DC00A93771 /* RegisterInteractor.swift in Sources */,
				48DB32F22577974B0075E4F0 /* ForgotViewController.swift in Sources */,
				48161DB0255D303B00213628 /* LoginInteractor.swift in Sources */,
				4825361F25488222001C7316 /* LoginViewController.swift in Sources */,
				489130D1255EE942005174BF /* RegisterRouter.swift in Sources */,
				4825360225487FD5001C7316 /* LoginView.swift in Sources */,
				48182B7025860C0100011CAC /* TabBarInteractor.swift in Sources */,
				48161DB3255D35D600213628 /* SplashViewController.swift in Sources */,
				48EC3C37255D70D100A93771 /* RegisterAssembly.swift in Sources */,
				48AC7562256D3D2900EBBD09 /* BaseRouter.swift in Sources */,
				48EC3C22255D382000A93771 /* RecipesInteractor.swift in Sources */,
				48E06FE4255AC97C006C49B2 /* URLSharedSessionDelegate.swift in Sources */,
				48DB32EF2577973A0075E4F0 /* ForgotView.swift in Sources */,
				489F975D25587C4500FD51DF /* RecipesPresenter.swift in Sources */,
				48AC7565256D6C9600EBBD09 /* ScreenKey.swift in Sources */,
				489F976425587C6C00FD51DF /* RecipesViewController.swift in Sources */,
				48182B6D25860BD200011CAC /* TabBarRouter.swift in Sources */,
				48161DBC255D35F700213628 /* SplashPresenter.swift in Sources */,
				4885CAE4257D09B9005C6737 /* TabbarPresenter.swift in Sources */,
				48B13CE02545BE4700511922 /* AppDelegate.swift in Sources */,
				48F2CA0F25753F0A00E29547 /* Presenter.swift in Sources */,
				48D3BA332577E8ED00B71B35 /* ForgotData.swift in Sources */,
				48AC755E256D284F00EBBD09 /* SplashInteractor.swift in Sources */,
				48F2CA2D25754D8100E29547 /* AppRouter.swift in Sources */,
				48C0FEE0255C4F9D00832202 /* AuthenticationData.swift in Sources */,
				48413408254ACC3700F7133E /* UIView+xib.swift in Sources */,
				489F976725587C7B00FD51DF /* RecipesAssembly.swift in Sources */,
				48B13CE22545BE4700511922 /* SceneDelegate.swift in Sources */,
				48DB32F82577976C0075E4F0 /* ForgotPresenter.swift in Sources */,
				48161DB6255D35DF00213628 /* SplashView.swift in Sources */,
				4885CAE0257D09A4005C6737 /* TabViewController.swift in Sources */,
				48EC3C34255D70C500A93771 /* RegisterViewController.swift in Sources */,
				48413413254ACF7700F7133E /* LoginAssembly.swift in Sources */,
				48EC3C2D255D70AD00A93771 /* RegisterPresenter.swift in Sources */,
				4885CAE7257D09CC005C6737 /* TabBarAssembly.swift in Sources */,
				489F976E25587CA400FD51DF /* Module.swift in Sources */,
				489F976125587C4E00FD51DF /* RecipesView.swift in Sources */,
				48E06FDD255AC8A9006C49B2 /* Network.swift in Sources */,
				489130D4255EE96E005174BF /* SplashRouter.swift in Sources */,
				48DB32F52577975C0075E4F0 /* ForgotInteractor.swift in Sources */,
				48DB32EA2577972E0075E4F0 /* ForgotRouter.swift in Sources */,
				48EC3C31255D70B600A93771 /* RegisterView.swift in Sources */,
				48161DB9255D35EC00213628 /* SplashAssembly.swift in Sources */,
				48DB331C2577BB140075E4F0 /* RegisterData.swift in Sources */,
				48DB32FB257797770075E4F0 /* ForgotAssembly.swift in Sources */,
				489130CE255EE913005174BF /* LoginRouter.swift in Sources */,
				48B13CF82545BE7A00511922 /* LoginPresenter.swift in Sources */,
			);
			runOnlyForDeploymentPostprocessing = 0;
		};
/* End PBXSourcesBuildPhase section */

/* Begin PBXVariantGroup section */
		48B13CE52545BE4700511922 /* Main.storyboard */ = {
			isa = PBXVariantGroup;
			children = (
				48B13CE62545BE4700511922 /* Base */,
			);
			name = Main.storyboard;
			sourceTree = "<group>";
		};
		48B13CEA2545BE4B00511922 /* LaunchScreen.storyboard */ = {
			isa = PBXVariantGroup;
			children = (
				48B13CEB2545BE4B00511922 /* Base */,
			);
			name = LaunchScreen.storyboard;
			sourceTree = "<group>";
		};
/* End PBXVariantGroup section */

/* Begin XCBuildConfiguration section */
		48B13CEE2545BE4B00511922 /* Debug */ = {
			isa = XCBuildConfiguration;
			buildSettings = {
				ALWAYS_SEARCH_USER_PATHS = NO;
				CLANG_ANALYZER_NONNULL = YES;
				CLANG_ANALYZER_NUMBER_OBJECT_CONVERSION = YES_AGGRESSIVE;
				CLANG_CXX_LANGUAGE_STANDARD = "gnu++14";
				CLANG_CXX_LIBRARY = "libc++";
				CLANG_ENABLE_MODULES = YES;
				CLANG_ENABLE_OBJC_ARC = YES;
				CLANG_ENABLE_OBJC_WEAK = YES;
				CLANG_WARN_BLOCK_CAPTURE_AUTORELEASING = YES;
				CLANG_WARN_BOOL_CONVERSION = YES;
				CLANG_WARN_COMMA = YES;
				CLANG_WARN_CONSTANT_CONVERSION = YES;
				CLANG_WARN_DEPRECATED_OBJC_IMPLEMENTATIONS = YES;
				CLANG_WARN_DIRECT_OBJC_ISA_USAGE = YES_ERROR;
				CLANG_WARN_DOCUMENTATION_COMMENTS = YES;
				CLANG_WARN_EMPTY_BODY = YES;
				CLANG_WARN_ENUM_CONVERSION = YES;
				CLANG_WARN_INFINITE_RECURSION = YES;
				CLANG_WARN_INT_CONVERSION = YES;
				CLANG_WARN_NON_LITERAL_NULL_CONVERSION = YES;
				CLANG_WARN_OBJC_IMPLICIT_RETAIN_SELF = YES;
				CLANG_WARN_OBJC_LITERAL_CONVERSION = YES;
				CLANG_WARN_OBJC_ROOT_CLASS = YES_ERROR;
				CLANG_WARN_QUOTED_INCLUDE_IN_FRAMEWORK_HEADER = YES;
				CLANG_WARN_RANGE_LOOP_ANALYSIS = YES;
				CLANG_WARN_STRICT_PROTOTYPES = YES;
				CLANG_WARN_SUSPICIOUS_MOVE = YES;
				CLANG_WARN_UNGUARDED_AVAILABILITY = YES_AGGRESSIVE;
				CLANG_WARN_UNREACHABLE_CODE = YES;
				CLANG_WARN__DUPLICATE_METHOD_MATCH = YES;
				COPY_PHASE_STRIP = NO;
				DEBUG_INFORMATION_FORMAT = dwarf;
				ENABLE_STRICT_OBJC_MSGSEND = YES;
				ENABLE_TESTABILITY = YES;
				GCC_C_LANGUAGE_STANDARD = gnu11;
				GCC_DYNAMIC_NO_PIC = NO;
				GCC_NO_COMMON_BLOCKS = YES;
				GCC_OPTIMIZATION_LEVEL = 0;
				GCC_PREPROCESSOR_DEFINITIONS = (
					"DEBUG=1",
					"$(inherited)",
				);
				GCC_WARN_64_TO_32_BIT_CONVERSION = YES;
				GCC_WARN_ABOUT_RETURN_TYPE = YES_ERROR;
				GCC_WARN_UNDECLARED_SELECTOR = YES;
				GCC_WARN_UNINITIALIZED_AUTOS = YES_AGGRESSIVE;
				GCC_WARN_UNUSED_FUNCTION = YES;
				GCC_WARN_UNUSED_VARIABLE = YES;
				IPHONEOS_DEPLOYMENT_TARGET = 14.0;
				MTL_ENABLE_DEBUG_INFO = INCLUDE_SOURCE;
				MTL_FAST_MATH = YES;
				ONLY_ACTIVE_ARCH = YES;
				SDKROOT = iphoneos;
				SWIFT_ACTIVE_COMPILATION_CONDITIONS = DEBUG;
				SWIFT_OPTIMIZATION_LEVEL = "-Onone";
			};
			name = Debug;
		};
		48B13CEF2545BE4B00511922 /* Release */ = {
			isa = XCBuildConfiguration;
			buildSettings = {
				ALWAYS_SEARCH_USER_PATHS = NO;
				CLANG_ANALYZER_NONNULL = YES;
				CLANG_ANALYZER_NUMBER_OBJECT_CONVERSION = YES_AGGRESSIVE;
				CLANG_CXX_LANGUAGE_STANDARD = "gnu++14";
				CLANG_CXX_LIBRARY = "libc++";
				CLANG_ENABLE_MODULES = YES;
				CLANG_ENABLE_OBJC_ARC = YES;
				CLANG_ENABLE_OBJC_WEAK = YES;
				CLANG_WARN_BLOCK_CAPTURE_AUTORELEASING = YES;
				CLANG_WARN_BOOL_CONVERSION = YES;
				CLANG_WARN_COMMA = YES;
				CLANG_WARN_CONSTANT_CONVERSION = YES;
				CLANG_WARN_DEPRECATED_OBJC_IMPLEMENTATIONS = YES;
				CLANG_WARN_DIRECT_OBJC_ISA_USAGE = YES_ERROR;
				CLANG_WARN_DOCUMENTATION_COMMENTS = YES;
				CLANG_WARN_EMPTY_BODY = YES;
				CLANG_WARN_ENUM_CONVERSION = YES;
				CLANG_WARN_INFINITE_RECURSION = YES;
				CLANG_WARN_INT_CONVERSION = YES;
				CLANG_WARN_NON_LITERAL_NULL_CONVERSION = YES;
				CLANG_WARN_OBJC_IMPLICIT_RETAIN_SELF = YES;
				CLANG_WARN_OBJC_LITERAL_CONVERSION = YES;
				CLANG_WARN_OBJC_ROOT_CLASS = YES_ERROR;
				CLANG_WARN_QUOTED_INCLUDE_IN_FRAMEWORK_HEADER = YES;
				CLANG_WARN_RANGE_LOOP_ANALYSIS = YES;
				CLANG_WARN_STRICT_PROTOTYPES = YES;
				CLANG_WARN_SUSPICIOUS_MOVE = YES;
				CLANG_WARN_UNGUARDED_AVAILABILITY = YES_AGGRESSIVE;
				CLANG_WARN_UNREACHABLE_CODE = YES;
				CLANG_WARN__DUPLICATE_METHOD_MATCH = YES;
				COPY_PHASE_STRIP = NO;
				DEBUG_INFORMATION_FORMAT = "dwarf-with-dsym";
				ENABLE_NS_ASSERTIONS = NO;
				ENABLE_STRICT_OBJC_MSGSEND = YES;
				GCC_C_LANGUAGE_STANDARD = gnu11;
				GCC_NO_COMMON_BLOCKS = YES;
				GCC_WARN_64_TO_32_BIT_CONVERSION = YES;
				GCC_WARN_ABOUT_RETURN_TYPE = YES_ERROR;
				GCC_WARN_UNDECLARED_SELECTOR = YES;
				GCC_WARN_UNINITIALIZED_AUTOS = YES_AGGRESSIVE;
				GCC_WARN_UNUSED_FUNCTION = YES;
				GCC_WARN_UNUSED_VARIABLE = YES;
				IPHONEOS_DEPLOYMENT_TARGET = 14.0;
				MTL_ENABLE_DEBUG_INFO = NO;
				MTL_FAST_MATH = YES;
				SDKROOT = iphoneos;
				SWIFT_COMPILATION_MODE = wholemodule;
				SWIFT_OPTIMIZATION_LEVEL = "-O";
				VALIDATE_PRODUCT = YES;
			};
			name = Release;
		};
		48B13CF12545BE4B00511922 /* Debug */ = {
			isa = XCBuildConfiguration;
			buildSettings = {
				ASSETCATALOG_COMPILER_APPICON_NAME = AppIcon;
				ASSETCATALOG_COMPILER_GLOBAL_ACCENT_COLOR_NAME = AccentColor;
				CODE_SIGN_STYLE = Automatic;
				DEVELOPMENT_TEAM = 6WM5D5XUQU;
				INFOPLIST_FILE = decooking/Info.plist;
				LD_RUNPATH_SEARCH_PATHS = (
					"$(inherited)",
					"@executable_path/Frameworks",
				);
				PRODUCT_BUNDLE_IDENTIFIER = morozov.ivan.decooking;
				PRODUCT_NAME = "$(TARGET_NAME)";
				SWIFT_VERSION = 5.0;
				TARGETED_DEVICE_FAMILY = "1,2";
			};
			name = Debug;
		};
		48B13CF22545BE4B00511922 /* Release */ = {
			isa = XCBuildConfiguration;
			buildSettings = {
				ASSETCATALOG_COMPILER_APPICON_NAME = AppIcon;
				ASSETCATALOG_COMPILER_GLOBAL_ACCENT_COLOR_NAME = AccentColor;
				CODE_SIGN_STYLE = Automatic;
				DEVELOPMENT_TEAM = 6WM5D5XUQU;
				INFOPLIST_FILE = decooking/Info.plist;
				LD_RUNPATH_SEARCH_PATHS = (
					"$(inherited)",
					"@executable_path/Frameworks",
				);
				PRODUCT_BUNDLE_IDENTIFIER = morozov.ivan.decooking;
				PRODUCT_NAME = "$(TARGET_NAME)";
				SWIFT_VERSION = 5.0;
				TARGETED_DEVICE_FAMILY = "1,2";
			};
			name = Release;
		};
/* End XCBuildConfiguration section */

/* Begin XCConfigurationList section */
		48B13CD72545BE4700511922 /* Build configuration list for PBXProject "decooking" */ = {
			isa = XCConfigurationList;
			buildConfigurations = (
				48B13CEE2545BE4B00511922 /* Debug */,
				48B13CEF2545BE4B00511922 /* Release */,
			);
			defaultConfigurationIsVisible = 0;
			defaultConfigurationName = Release;
		};
		48B13CF02545BE4B00511922 /* Build configuration list for PBXNativeTarget "decooking" */ = {
			isa = XCConfigurationList;
			buildConfigurations = (
				48B13CF12545BE4B00511922 /* Debug */,
				48B13CF22545BE4B00511922 /* Release */,
			);
			defaultConfigurationIsVisible = 0;
			defaultConfigurationName = Release;
		};
/* End XCConfigurationList section */
	};
	rootObject = 48B13CD42545BE4700511922 /* Project object */;
}
